
Microsoft Visual Studio Solution File, Format Version 12.00
# Visual Studio Version 17
VisualStudioVersion = 17.14.36202.13 d17.14
MinimumVisualStudioVersion = 10.0.40219.1
Project("{FAE04EC0-301F-11D3-BF4B-00C04F79EFBC}") = "Currency_exchange", "Currency_exchange.csproj", "{1200DC5B-82C3-4559-9964-BF3525A59D24}"
EndProject
Global
	GlobalSection(SolutionConfigurationPlatforms) = preSolution
		Debug|Any CPU = Debug|Any CPU
		Release|Any CPU = Release|Any CPU
	EndGlobalSection
	GlobalSection(ProjectConfigurationPlatforms) = postSolution
		{1200DC5B-82C3-4559-9964-BF3525A59D24}.Debug|Any CPU.ActiveCfg = Debug|Any CPU
		{1200DC5B-82C3-4559-9964-BF3525A59D24}.Debug|Any CPU.Build.0 = Debug|Any CPU
		{1200DC5B-82C3-4559-9964-BF3525A59D24}.Release|Any CPU.ActiveCfg = Release|Any CPU
		{1200DC5B-82C3-4559-9964-BF3525A59D24}.Release|Any CPU.Build.0 = Release|Any CPU
	EndGlobalSection
	GlobalSection(SolutionProperties) = preSolution
		HideSolutionNode = FALSE
	EndGlobalSection
	GlobalSection(ExtensibilityGlobals) = postSolution
		SolutionGuid = {2F4D3F74-A46D-437A-B5B9-19E7E40D9356}
	EndGlobalSection
EndGlobal
